
Microsoft Visual Studio Solution File, Format Version 12.00
# Visual Studio Version 17
VisualStudioVersion = 17.5.33209.295
MinimumVisualStudioVersion = 10.0.40219.1
Project("{9A19103F-16F7-4668-BE54-9A1E7A4F7556}") = "Petl.Core", "src\Petl.Core\Petl.Core.csproj", "{77D5AE73-88CB-4F15-BB8C-0748A184DD7A}"
EndProject
Project("{9A19103F-16F7-4668-BE54-9A1E7A4F7556}") = "Petl.Tests", "src\Petl.Tests\Petl.Tests.csproj", "{F921CD20-7062-4DDF-A8FD-55125479F379}"
EndProject
Project("{FAE04EC0-301F-11D3-BF4B-00C04F79EFBC}") = "Petl.CsvHelper", "src\Petl.CsvHelper\Petl.CsvHelper.csproj", "{79EFBFF5-0B89-44E1-8EDC-AB127851F0EB}"
EndProject
Global
	GlobalSection(SolutionConfigurationPlatforms) = preSolution
		Debug|Any CPU = Debug|Any CPU
		Release|Any CPU = Release|Any CPU
	EndGlobalSection
	GlobalSection(ProjectConfigurationPlatforms) = postSolution
		{77D5AE73-88CB-4F15-BB8C-0748A184DD7A}.Debug|Any CPU.ActiveCfg = Debug|Any CPU
		{77D5AE73-88CB-4F15-BB8C-0748A184DD7A}.Debug|Any CPU.Build.0 = Debug|Any CPU
		{77D5AE73-88CB-4F15-BB8C-0748A184DD7A}.Release|Any CPU.ActiveCfg = Release|Any CPU
		{77D5AE73-88CB-4F15-BB8C-0748A184DD7A}.Release|Any CPU.Build.0 = Release|Any CPU
		{F921CD20-7062-4DDF-A8FD-55125479F379}.Debug|Any CPU.ActiveCfg = Debug|Any CPU
		{F921CD20-7062-4DDF-A8FD-55125479F379}.Debug|Any CPU.Build.0 = Debug|Any CPU
		{F921CD20-7062-4DDF-A8FD-55125479F379}.Release|Any CPU.ActiveCfg = Release|Any CPU
		{F921CD20-7062-4DDF-A8FD-55125479F379}.Release|Any CPU.Build.0 = Release|Any CPU
		{79EFBFF5-0B89-44E1-8EDC-AB127851F0EB}.Debug|Any CPU.ActiveCfg = Debug|Any CPU
		{79EFBFF5-0B89-44E1-8EDC-AB127851F0EB}.Debug|Any CPU.Build.0 = Debug|Any CPU
		{79EFBFF5-0B89-44E1-8EDC-AB127851F0EB}.Release|Any CPU.ActiveCfg = Release|Any CPU
		{79EFBFF5-0B89-44E1-8EDC-AB127851F0EB}.Release|Any CPU.Build.0 = Release|Any CPU
	EndGlobalSection
	GlobalSection(SolutionProperties) = preSolution
		HideSolutionNode = FALSE
	EndGlobalSection
	GlobalSection(ExtensibilityGlobals) = postSolution
		SolutionGuid = {7AE68E10-0E2F-43D0-A953-FD9B5B04C1F0}
	EndGlobalSection
EndGlobal
