
Microsoft Visual Studio Solution File, Format Version 12.00
# Visual Studio Version 17
VisualStudioVersion = 17.5.33209.295
MinimumVisualStudioVersion = 10.0.40219.1
Project("{FAE04EC0-301F-11D3-BF4B-00C04F79EFBC}") = "Petl.Tests", "src\Petl.Tests\Petl.Tests.csproj", "{C767A0B8-772E-4F57-B4D1-FA2B4116C714}"
EndProject
Project("{FAE04EC0-301F-11D3-BF4B-00C04F79EFBC}") = "Petl.EventSourcing", "src\Petl.EventSourcing\Petl.EventSourcing.csproj", "{2F51F3A3-80D8-41E2-87E9-E2651040F2A5}"
EndProject
Project("{FAE04EC0-301F-11D3-BF4B-00C04F79EFBC}") = "Petl.EventSourcing.Orleans", "src\Petl.EventSourcing.Orleans\Petl.EventSourcing.Orleans.csproj", "{B42F5741-142F-436D-AEEF-65D03630987F}"
EndProject
Project("{FAE04EC0-301F-11D3-BF4B-00C04F79EFBC}") = "Petl.EventSourcing.Providers.MongoDb", "src\Petl.EventSourcing.Providers.MongoDb\Petl.EventSourcing.Providers.MongoDb.csproj", "{BB8109B2-460C-4755-9019-2324AC6296EC}"
EndProject
Project("{FAE04EC0-301F-11D3-BF4B-00C04F79EFBC}") = "Petl.Mediator", "src\Petl.Mediator\Petl.Mediator.csproj", "{C524AB87-C621-4E3F-89E1-E8AC79E7ED16}"
EndProject
Global
	GlobalSection(SolutionConfigurationPlatforms) = preSolution
		Debug|Any CPU = Debug|Any CPU
		Release|Any CPU = Release|Any CPU
	EndGlobalSection
	GlobalSection(ProjectConfigurationPlatforms) = postSolution
		{C767A0B8-772E-4F57-B4D1-FA2B4116C714}.Debug|Any CPU.ActiveCfg = Debug|Any CPU
		{C767A0B8-772E-4F57-B4D1-FA2B4116C714}.Debug|Any CPU.Build.0 = Debug|Any CPU
		{C767A0B8-772E-4F57-B4D1-FA2B4116C714}.Release|Any CPU.ActiveCfg = Release|Any CPU
		{C767A0B8-772E-4F57-B4D1-FA2B4116C714}.Release|Any CPU.Build.0 = Release|Any CPU
		{2F51F3A3-80D8-41E2-87E9-E2651040F2A5}.Debug|Any CPU.ActiveCfg = Debug|Any CPU
		{2F51F3A3-80D8-41E2-87E9-E2651040F2A5}.Debug|Any CPU.Build.0 = Debug|Any CPU
		{2F51F3A3-80D8-41E2-87E9-E2651040F2A5}.Release|Any CPU.ActiveCfg = Release|Any CPU
		{2F51F3A3-80D8-41E2-87E9-E2651040F2A5}.Release|Any CPU.Build.0 = Release|Any CPU
		{B42F5741-142F-436D-AEEF-65D03630987F}.Debug|Any CPU.ActiveCfg = Debug|Any CPU
		{B42F5741-142F-436D-AEEF-65D03630987F}.Debug|Any CPU.Build.0 = Debug|Any CPU
		{B42F5741-142F-436D-AEEF-65D03630987F}.Release|Any CPU.ActiveCfg = Release|Any CPU
		{B42F5741-142F-436D-AEEF-65D03630987F}.Release|Any CPU.Build.0 = Release|Any CPU
		{BB8109B2-460C-4755-9019-2324AC6296EC}.Debug|Any CPU.ActiveCfg = Debug|Any CPU
		{BB8109B2-460C-4755-9019-2324AC6296EC}.Debug|Any CPU.Build.0 = Debug|Any CPU
		{BB8109B2-460C-4755-9019-2324AC6296EC}.Release|Any CPU.ActiveCfg = Release|Any CPU
		{BB8109B2-460C-4755-9019-2324AC6296EC}.Release|Any CPU.Build.0 = Release|Any CPU
		{C524AB87-C621-4E3F-89E1-E8AC79E7ED16}.Debug|Any CPU.ActiveCfg = Debug|Any CPU
		{C524AB87-C621-4E3F-89E1-E8AC79E7ED16}.Debug|Any CPU.Build.0 = Debug|Any CPU
		{C524AB87-C621-4E3F-89E1-E8AC79E7ED16}.Release|Any CPU.ActiveCfg = Release|Any CPU
		{C524AB87-C621-4E3F-89E1-E8AC79E7ED16}.Release|Any CPU.Build.0 = Release|Any CPU
	EndGlobalSection
	GlobalSection(SolutionProperties) = preSolution
		HideSolutionNode = FALSE
	EndGlobalSection
	GlobalSection(ExtensibilityGlobals) = postSolution
		SolutionGuid = {7AE68E10-0E2F-43D0-A953-FD9B5B04C1F0}
	EndGlobalSection
EndGlobal
