
Microsoft Visual Studio Solution File, Format Version 12.00
# Visual Studio Version 18
VisualStudioVersion = 18.0.11010.61
MinimumVisualStudioVersion = 10.0.40219.1
Project("{FAE04EC0-301F-11D3-BF4B-00C04F79EFBC}") = "Petl.Core", "src\Petl.Core\Petl.Core.csproj", "{A1B2C3D4-E5F6-7890-ABCD-EF1234567890}"
EndProject
Project("{FAE04EC0-301F-11D3-BF4B-00C04F79EFBC}") = "Petl.Tests", "src\Petl.Tests\Petl.Tests.csproj", "{6194ED0C-0D6D-404B-AEF2-E915A9EAD92B}"
EndProject
Global
	GlobalSection(SolutionConfigurationPlatforms) = preSolution
		Debug|Any CPU = Debug|Any CPU
		Release|Any CPU = Release|Any CPU
	EndGlobalSection
	GlobalSection(ProjectConfigurationPlatforms) = postSolution
		{A1B2C3D4-E5F6-7890-ABCD-EF1234567890}.Debug|Any CPU.ActiveCfg = Debug|Any CPU
		{A1B2C3D4-E5F6-7890-ABCD-EF1234567890}.Debug|Any CPU.Build.0 = Debug|Any CPU
		{A1B2C3D4-E5F6-7890-ABCD-EF1234567890}.Release|Any CPU.ActiveCfg = Release|Any CPU
		{A1B2C3D4-E5F6-7890-ABCD-EF1234567890}.Release|Any CPU.Build.0 = Release|Any CPU
		{6194ED0C-0D6D-404B-AEF2-E915A9EAD92B}.Debug|Any CPU.ActiveCfg = Debug|Any CPU
		{6194ED0C-0D6D-404B-AEF2-E915A9EAD92B}.Debug|Any CPU.Build.0 = Debug|Any CPU
		{6194ED0C-0D6D-404B-AEF2-E915A9EAD92B}.Release|Any CPU.ActiveCfg = Release|Any CPU
		{6194ED0C-0D6D-404B-AEF2-E915A9EAD92B}.Release|Any CPU.Build.0 = Release|Any CPU
	EndGlobalSection
	GlobalSection(SolutionProperties) = preSolution
		HideSolutionNode = FALSE
	EndGlobalSection
	GlobalSection(ExtensibilityGlobals) = postSolution
		SolutionGuid = {7AE68E10-0E2F-43D0-A953-FD9B5B04C1F0}
	EndGlobalSection
EndGlobal
